
Microsoft Visual Studio Solution File, Format Version 12.00
# Visual Studio Version 17
VisualStudioVersion = 17.0.31903.59
MinimumVisualStudioVersion = 10.0.40219.1
Project("{2150E333-8FDC-42A3-9474-1A3956D46DE8}") = "src", "src", "{ACFEDCEF-A9E9-4E8C-BE54-420707CB7F75}"
EndProject
Project("{FAE04EC0-301F-11D3-BF4B-00C04F79EFBC}") = "SzDiag.Contracts", "src\SzDiag.Contracts\SzDiag.Contracts.csproj", "{799D616F-06FB-4161-AF2D-C5815B6DB4F6}"
EndProject
Project("{FAE04EC0-301F-11D3-BF4B-00C04F79EFBC}") = "SzDiag.Hub", "src\SzDiag.Hub\SzDiag.Hub.csproj", "{37BB620B-B28B-4291-9C67-1721625BF228}"
EndProject
Project("{2150E333-8FDC-42A3-9474-1A3956D46DE8}") = "tests", "tests", "{F8025C56-47C2-44C8-9112-20121BCA7F58}"
EndProject
Project("{FAE04EC0-301F-11D3-BF4B-00C04F79EFBC}") = "SzDiag.Hub.Tests", "tests\SzDiag.Hub.Tests\SzDiag.Hub.Tests.csproj", "{CE2F6742-5BC2-4669-A676-0470E4A020C2}"
EndProject
Project("{FAE04EC0-301F-11D3-BF4B-00C04F79EFBC}") = "SzDiag.Cli", "src\SzDiag.Cli\SzDiag.Cli.csproj", "{50C4DBE4-773A-4182-8C5E-DBF402345D29}"
EndProject
Project("{FAE04EC0-301F-11D3-BF4B-00C04F79EFBC}") = "SzDiag.Cli.Tests", "tests\SzDiag.Cli.Tests\SzDiag.Cli.Tests.csproj", "{CBE81183-56F5-46E1-95E7-E1A70A2D0E49}"
EndProject
Project("{FAE04EC0-301F-11D3-BF4B-00C04F79EFBC}") = "SzDiag.Agent", "src\SzDiag.Agent\SzDiag.Agent.csproj", "{5D347CEB-7372-4094-A367-E8E079204B4B}"
EndProject
Project("{FAE04EC0-301F-11D3-BF4B-00C04F79EFBC}") = "SzDiag.Agent.Tests", "tests\SzDiag.Agent.Tests\SzDiag.Agent.Tests.csproj", "{2B1F5CDA-1B75-4887-AB43-C7BC840F0CCD}"
EndProject
Project("{FAE04EC0-301F-11D3-BF4B-00C04F79EFBC}") = "SzDiag.Kb", "src\SzDiag.Kb\SzDiag.Kb.csproj", "{62CDED07-A685-477B-B15D-C9059A70ED8D}"
EndProject
Project("{FAE04EC0-301F-11D3-BF4B-00C04F79EFBC}") = "SzDiag.Kb.Tests", "tests\SzDiag.Kb.Tests\SzDiag.Kb.Tests.csproj", "{3AC94F21-A3A0-42AC-85BA-58180257CF0E}"
EndProject
Global
	GlobalSection(SolutionConfigurationPlatforms) = preSolution
		Debug|Any CPU = Debug|Any CPU
		Release|Any CPU = Release|Any CPU
	EndGlobalSection
	GlobalSection(SolutionProperties) = preSolution
		HideSolutionNode = FALSE
	EndGlobalSection
	GlobalSection(ProjectConfigurationPlatforms) = postSolution
		{799D616F-06FB-4161-AF2D-C5815B6DB4F6}.Debug|Any CPU.ActiveCfg = Debug|Any CPU
		{799D616F-06FB-4161-AF2D-C5815B6DB4F6}.Debug|Any CPU.Build.0 = Debug|Any CPU
		{799D616F-06FB-4161-AF2D-C5815B6DB4F6}.Release|Any CPU.ActiveCfg = Release|Any CPU
		{799D616F-06FB-4161-AF2D-C5815B6DB4F6}.Release|Any CPU.Build.0 = Release|Any CPU
		{37BB620B-B28B-4291-9C67-1721625BF228}.Debug|Any CPU.ActiveCfg = Debug|Any CPU
		{37BB620B-B28B-4291-9C67-1721625BF228}.Debug|Any CPU.Build.0 = Debug|Any CPU
		{37BB620B-B28B-4291-9C67-1721625BF228}.Release|Any CPU.ActiveCfg = Release|Any CPU
		{37BB620B-B28B-4291-9C67-1721625BF228}.Release|Any CPU.Build.0 = Release|Any CPU
		{CE2F6742-5BC2-4669-A676-0470E4A020C2}.Debug|Any CPU.ActiveCfg = Debug|Any CPU
		{CE2F6742-5BC2-4669-A676-0470E4A020C2}.Debug|Any CPU.Build.0 = Debug|Any CPU
		{CE2F6742-5BC2-4669-A676-0470E4A020C2}.Release|Any CPU.ActiveCfg = Release|Any CPU
		{CE2F6742-5BC2-4669-A676-0470E4A020C2}.Release|Any CPU.Build.0 = Release|Any CPU
		{50C4DBE4-773A-4182-8C5E-DBF402345D29}.Debug|Any CPU.ActiveCfg = Debug|Any CPU
		{50C4DBE4-773A-4182-8C5E-DBF402345D29}.Debug|Any CPU.Build.0 = Debug|Any CPU
		{50C4DBE4-773A-4182-8C5E-DBF402345D29}.Release|Any CPU.ActiveCfg = Release|Any CPU
		{50C4DBE4-773A-4182-8C5E-DBF402345D29}.Release|Any CPU.Build.0 = Release|Any CPU
		{CBE81183-56F5-46E1-95E7-E1A70A2D0E49}.Debug|Any CPU.ActiveCfg = Debug|Any CPU
		{CBE81183-56F5-46E1-95E7-E1A70A2D0E49}.Debug|Any CPU.Build.0 = Debug|Any CPU
		{CBE81183-56F5-46E1-95E7-E1A70A2D0E49}.Release|Any CPU.ActiveCfg = Release|Any CPU
		{CBE81183-56F5-46E1-95E7-E1A70A2D0E49}.Release|Any CPU.Build.0 = Release|Any CPU
		{5D347CEB-7372-4094-A367-E8E079204B4B}.Debug|Any CPU.ActiveCfg = Debug|Any CPU
		{5D347CEB-7372-4094-A367-E8E079204B4B}.Debug|Any CPU.Build.0 = Debug|Any CPU
		{5D347CEB-7372-4094-A367-E8E079204B4B}.Release|Any CPU.ActiveCfg = Release|Any CPU
		{5D347CEB-7372-4094-A367-E8E079204B4B}.Release|Any CPU.Build.0 = Release|Any CPU
		{2B1F5CDA-1B75-4887-AB43-C7BC840F0CCD}.Debug|Any CPU.ActiveCfg = Debug|Any CPU
		{2B1F5CDA-1B75-4887-AB43-C7BC840F0CCD}.Debug|Any CPU.Build.0 = Debug|Any CPU
		{2B1F5CDA-1B75-4887-AB43-C7BC840F0CCD}.Release|Any CPU.ActiveCfg = Release|Any CPU
		{2B1F5CDA-1B75-4887-AB43-C7BC840F0CCD}.Release|Any CPU.Build.0 = Release|Any CPU
		{62CDED07-A685-477B-B15D-C9059A70ED8D}.Debug|Any CPU.ActiveCfg = Debug|Any CPU
		{62CDED07-A685-477B-B15D-C9059A70ED8D}.Debug|Any CPU.Build.0 = Debug|Any CPU
		{62CDED07-A685-477B-B15D-C9059A70ED8D}.Release|Any CPU.ActiveCfg = Release|Any CPU
		{62CDED07-A685-477B-B15D-C9059A70ED8D}.Release|Any CPU.Build.0 = Release|Any CPU
		{3AC94F21-A3A0-42AC-85BA-58180257CF0E}.Debug|Any CPU.ActiveCfg = Debug|Any CPU
		{3AC94F21-A3A0-42AC-85BA-58180257CF0E}.Debug|Any CPU.Build.0 = Debug|Any CPU
		{3AC94F21-A3A0-42AC-85BA-58180257CF0E}.Release|Any CPU.ActiveCfg = Release|Any CPU
		{3AC94F21-A3A0-42AC-85BA-58180257CF0E}.Release|Any CPU.Build.0 = Release|Any CPU
	EndGlobalSection
	GlobalSection(NestedProjects) = preSolution
		{799D616F-06FB-4161-AF2D-C5815B6DB4F6} = {ACFEDCEF-A9E9-4E8C-BE54-420707CB7F75}
		{37BB620B-B28B-4291-9C67-1721625BF228} = {ACFEDCEF-A9E9-4E8C-BE54-420707CB7F75}
		{CE2F6742-5BC2-4669-A676-0470E4A020C2} = {F8025C56-47C2-44C8-9112-20121BCA7F58}
		{50C4DBE4-773A-4182-8C5E-DBF402345D29} = {ACFEDCEF-A9E9-4E8C-BE54-420707CB7F75}
		{CBE81183-56F5-46E1-95E7-E1A70A2D0E49} = {F8025C56-47C2-44C8-9112-20121BCA7F58}
		{5D347CEB-7372-4094-A367-E8E079204B4B} = {ACFEDCEF-A9E9-4E8C-BE54-420707CB7F75}
		{2B1F5CDA-1B75-4887-AB43-C7BC840F0CCD} = {F8025C56-47C2-44C8-9112-20121BCA7F58}
		{62CDED07-A685-477B-B15D-C9059A70ED8D} = {ACFEDCEF-A9E9-4E8C-BE54-420707CB7F75}
		{3AC94F21-A3A0-42AC-85BA-58180257CF0E} = {F8025C56-47C2-44C8-9112-20121BCA7F58}
	EndGlobalSection
EndGlobal
